
Microsoft Visual Studio Solution File, Format Version 12.00
# Visual Studio Version 17
VisualStudioVersion = 17.0.31611.283
MinimumVisualStudioVersion = 10.0.40219.1
Project("{9A19103F-16F7-4668-BE54-9A1E7A4F7556}") = "Meta.Log", "Meta.Log\Meta.Log.csproj", "{B99F8113-9952-48FA-BA93-BF241D09C57B}"
EndProject
Project("{9A19103F-16F7-4668-BE54-9A1E7A4F7556}") = "Meta.Log.Core", "Meta.Log.Core\Meta.Log.Core.csproj", "{8336F123-82AF-4DD4-A1F2-E3B01172F12F}"
EndProject
Project("{9A19103F-16F7-4668-BE54-9A1E7A4F7556}") = "Meta.Log.WPF", "Meta.Log.WPF\Meta.Log.WPF.csproj", "{644443BA-E5CA-4F5B-99EC-4A990D3F28D2}"
EndProject
Project("{FAE04EC0-301F-11D3-BF4B-00C04F79EFBC}") = "Meta.Log.Tests", "Meta.Log.Tests\Meta.Log.Tests.csproj", "{8CA23D3B-D830-4EEB-B9A3-6C0725501E8B}"
EndProject
Global
	GlobalSection(SolutionConfigurationPlatforms) = preSolution
		Debug|Any CPU = Debug|Any CPU
		Release|Any CPU = Release|Any CPU
	EndGlobalSection
	GlobalSection(ProjectConfigurationPlatforms) = postSolution
		{B99F8113-9952-48FA-BA93-BF241D09C57B}.Debug|Any CPU.ActiveCfg = Debug|Any CPU
		{B99F8113-9952-48FA-BA93-BF241D09C57B}.Debug|Any CPU.Build.0 = Debug|Any CPU
		{B99F8113-9952-48FA-BA93-BF241D09C57B}.Debug|Any CPU.Deploy.0 = Debug|Any CPU
		{B99F8113-9952-48FA-BA93-BF241D09C57B}.Release|Any CPU.ActiveCfg = Release|Any CPU
		{B99F8113-9952-48FA-BA93-BF241D09C57B}.Release|Any CPU.Build.0 = Release|Any CPU
		{B99F8113-9952-48FA-BA93-BF241D09C57B}.Release|Any CPU.Deploy.0 = Release|Any CPU
		{8336F123-82AF-4DD4-A1F2-E3B01172F12F}.Debug|Any CPU.ActiveCfg = Debug|Any CPU
		{8336F123-82AF-4DD4-A1F2-E3B01172F12F}.Debug|Any CPU.Build.0 = Debug|Any CPU
		{8336F123-82AF-4DD4-A1F2-E3B01172F12F}.Release|Any CPU.ActiveCfg = Release|Any CPU
		{8336F123-82AF-4DD4-A1F2-E3B01172F12F}.Release|Any CPU.Build.0 = Release|Any CPU
		{644443BA-E5CA-4F5B-99EC-4A990D3F28D2}.Debug|Any CPU.ActiveCfg = Debug|Any CPU
		{644443BA-E5CA-4F5B-99EC-4A990D3F28D2}.Debug|Any CPU.Build.0 = Debug|Any CPU
		{644443BA-E5CA-4F5B-99EC-4A990D3F28D2}.Release|Any CPU.ActiveCfg = Release|Any CPU
		{644443BA-E5CA-4F5B-99EC-4A990D3F28D2}.Release|Any CPU.Build.0 = Release|Any CPU
		{8CA23D3B-D830-4EEB-B9A3-6C0725501E8B}.Debug|Any CPU.ActiveCfg = Debug|Any CPU
		{8CA23D3B-D830-4EEB-B9A3-6C0725501E8B}.Debug|Any CPU.Build.0 = Debug|Any CPU
		{8CA23D3B-D830-4EEB-B9A3-6C0725501E8B}.Release|Any CPU.ActiveCfg = Release|Any CPU
		{8CA23D3B-D830-4EEB-B9A3-6C0725501E8B}.Release|Any CPU.Build.0 = Release|Any CPU
	EndGlobalSection
	GlobalSection(SolutionProperties) = preSolution
		HideSolutionNode = FALSE
	EndGlobalSection
	GlobalSection(ExtensibilityGlobals) = postSolution
		SolutionGuid = {61F7FB11-1E47-470C-91E2-47F8143E1572}
	EndGlobalSection
EndGlobal
